<?xml version="1.0" encoding="utf-8"?>
<Project ToolsVersion="4.0" xmlns="http://schemas.microsoft.com/developer/msbuild/2003">
  <ItemGroup>
    <Filter Include="renderer">
      <UniqueIdentifier>{bc34d7ae-623a-4d27-9371-5adf46d77824}</UniqueIdentifier>
    </Filter>
    <Filter Include="mesh">
      <UniqueIdentifier>{5654afdd-cb4b-4a7f-83b0-fad5eb4fd402}</UniqueIdentifier>
    </Filter>
    <Filter Include="core">
      <UniqueIdentifier>{c8618f05-28c1-4b91-a2e0-0ab511d2fc7c}</UniqueIdentifier>
    </Filter>
    <Filter Include="tool">
      <UniqueIdentifier>{08662d9f-2d38-4ade-9496-61a4c9f1f0b7}</UniqueIdentifier>
    </Filter>
    <Filter Include="interaction">
      <UniqueIdentifier>{440a2b7a-7c11-423e-a18c-a043a4055c2f}</UniqueIdentifier>
    </Filter>
  </ItemGroup>
  <ItemGroup>
    <ClInclude Include="core\gl_core.h">
      <Filter>core</Filter>
    </ClInclude>
    <ClInclude Include="core\game_engine.h">
      <Filter>core</Filter>
    </ClInclude>
    <ClInclude Include="interaction\mouse_state.h">
      <Filter>interaction</Filter>
    </ClInclude>
    <ClInclude Include="renderer\renderer.h">
      <Filter>renderer</Filter>
    </ClInclude>
    <ClInclude Include="renderer\debug_renderer.h">
      <Filter>renderer</Filter>
    </ClInclude>
  </ItemGroup>
  <ItemGroup>
    <ClCompile Include="core\gl_core.cpp">
      <Filter>core</Filter>
    </ClCompile>
    <ClCompile Include="core\game_engine.cpp">
      <Filter>core</Filter>
    </ClCompile>
    <ClCompile Include="renderer\debug_renderer.cpp">
      <Filter>renderer</Filter>
    </ClCompile>
  </ItemGroup>
</Project>